// !$*UTF8*$!
{
	archiveVersion = 1;
	classes = {
	};
	objectVersion = 55;
	objects = {

/* Begin PBXBuildFile section */
		70B12818282CA5AF000716FC /* BeiJingTourthApp.swift in Sources */ = {isa = PBXBuildFile; fileRef = 70B12817282CA5AF000716FC /* BeiJingTourthApp.swift */; };
		70B1281A282CA5AF000716FC /* FoodView.swift in Sources */ = {isa = PBXBuildFile; fileRef = 70B12819282CA5AF000716FC /* FoodView.swift */; };
		70B1281C282CA5B1000716FC /* Assets.xcassets in Resources */ = {isa = PBXBuildFile; fileRef = 70B1281B282CA5B1000716FC /* Assets.xcassets */; };
		70B1281F282CA5B1000716FC /* Preview Assets.xcassets in Resources */ = {isa = PBXBuildFile; fileRef = 70B1281E282CA5B1000716FC /* Preview Assets.xcassets */; };
		70B1282D282D2278000716FC /* Launch Screen.storyboard in Resources */ = {isa = PBXBuildFile; fileRef = 70B1282C282D2278000716FC /* Launch Screen.storyboard */; };
		70CBF225282E2AF4001DC3E0 /* AppView.swift in Sources */ = {isa = PBXBuildFile; fileRef = 70CBF224282E2AF4001DC3E0 /* AppView.swift */; };
		70CBF227282E2B49001DC3E0 /* SettingView.swift in Sources */ = {isa = PBXBuildFile; fileRef = 70CBF226282E2B49001DC3E0 /* SettingView.swift */; };
		70CBF229282E2B67001DC3E0 /* HuTongView.swift in Sources */ = {isa = PBXBuildFile; fileRef = 70CBF228282E2B67001DC3E0 /* HuTongView.swift */; };
		70CBF22B282E2B84001DC3E0 /* BeiJingView.swift in Sources */ = {isa = PBXBuildFile; fileRef = 70CBF22A282E2B84001DC3E0 /* BeiJingView.swift */; };
		70CBF22D282E9B92001DC3E0 /* HeaderView.swift in Sources */ = {isa = PBXBuildFile; fileRef = 70CBF22C282E9B92001DC3E0 /* HeaderView.swift */; };
		70CBF22F282F5B79001DC3E0 /* HeaderModel.swift in Sources */ = {isa = PBXBuildFile; fileRef = 70CBF22E282F5B79001DC3E0 /* HeaderModel.swift */; };
		70CBF231282F5C6B001DC3E0 /* Headers.swift in Sources */ = {isa = PBXBuildFile; fileRef = 70CBF230282F5C6B001DC3E0 /* Headers.swift */; };
		70CBF233282F6404001DC3E0 /* TableView.swift in Sources */ = {isa = PBXBuildFile; fileRef = 70CBF232282F6404001DC3E0 /* TableView.swift */; };
		70CBF235282F6A2F001DC3E0 /* LeftModel.swift in Sources */ = {isa = PBXBuildFile; fileRef = 70CBF234282F6A2F001DC3E0 /* LeftModel.swift */; };
		70CBF237282F6A45001DC3E0 /* RightModel.swift in Sources */ = {isa = PBXBuildFile; fileRef = 70CBF236282F6A45001DC3E0 /* RightModel.swift */; };
		70CBF239282F6A86001DC3E0 /* LeftData.swift in Sources */ = {isa = PBXBuildFile; fileRef = 70CBF238282F6A86001DC3E0 /* LeftData.swift */; };
		70CBF23B282F6ACD001DC3E0 /* RightData.swift in Sources */ = {isa = PBXBuildFile; fileRef = 70CBF23A282F6ACD001DC3E0 /* RightData.swift */; };
		70CBF23D282F6B18001DC3E0 /* LeftView.swift in Sources */ = {isa = PBXBuildFile; fileRef = 70CBF23C282F6B18001DC3E0 /* LeftView.swift */; };
		70CBF23F282F6B2B001DC3E0 /* RightView.swift in Sources */ = {isa = PBXBuildFile; fileRef = 70CBF23E282F6B2B001DC3E0 /* RightView.swift */; };
		70CBF241282FD85E001DC3E0 /* FoodCardView.swift in Sources */ = {isa = PBXBuildFile; fileRef = 70CBF240282FD85E001DC3E0 /* FoodCardView.swift */; };
		70CBF243282FDF4F001DC3E0 /* FoodCardData.swift in Sources */ = {isa = PBXBuildFile; fileRef = 70CBF242282FDF4F001DC3E0 /* FoodCardData.swift */; };
		70CBF245282FDF72001DC3E0 /* FoodCardModel.swift in Sources */ = {isa = PBXBuildFile; fileRef = 70CBF244282FDF71001DC3E0 /* FoodCardModel.swift */; };
		70CBF247282FF9F1001DC3E0 /* SnackBarView.swift in Sources */ = {isa = PBXBuildFile; fileRef = 70CBF246282FF9F1001DC3E0 /* SnackBarView.swift */; };
		70CBF249282FFA03001DC3E0 /* SnackBarData.swift in Sources */ = {isa = PBXBuildFile; fileRef = 70CBF248282FFA03001DC3E0 /* SnackBarData.swift */; };
		70CBF24B282FFA11001DC3E0 /* SnackBarModel.swift in Sources */ = {isa = PBXBuildFile; fileRef = 70CBF24A282FFA11001DC3E0 /* SnackBarModel.swift */; };
		70CBF24D283011E7001DC3E0 /* StarRatingView.swift in Sources */ = {isa = PBXBuildFile; fileRef = 70CBF24C283011E7001DC3E0 /* StarRatingView.swift */; };
		70CBF24F28301387001DC3E0 /* SnackInfoView.swift in Sources */ = {isa = PBXBuildFile; fileRef = 70CBF24E28301387001DC3E0 /* SnackInfoView.swift */; };
/* End PBXBuildFile section */

/* Begin PBXFileReference section */
		70B12814282CA5AF000716FC /* 北京旅游.app */ = {isa = PBXFileReference; explicitFileType = wrapper.application; includeInIndex = 0; path = "北京旅游.app"; sourceTree = BUILT_PRODUCTS_DIR; };
		70B12817282CA5AF000716FC /* BeiJingTourthApp.swift */ = {isa = PBXFileReference; lastKnownFileType = sourcecode.swift; path = BeiJingTourthApp.swift; sourceTree = "<group>"; };
		70B12819282CA5AF000716FC /* FoodView.swift */ = {isa = PBXFileReference; lastKnownFileType = sourcecode.swift; path = FoodView.swift; sourceTree = "<group>"; };
		70B1281B282CA5B1000716FC /* Assets.xcassets */ = {isa = PBXFileReference; lastKnownFileType = folder.assetcatalog; path = Assets.xcassets; sourceTree = "<group>"; };
		70B1281E282CA5B1000716FC /* Preview Assets.xcassets */ = {isa = PBXFileReference; lastKnownFileType = folder.assetcatalog; path = "Preview Assets.xcassets"; sourceTree = "<group>"; };
		70B1282C282D2278000716FC /* Launch Screen.storyboard */ = {isa = PBXFileReference; lastKnownFileType = file.storyboard; path = "Launch Screen.storyboard"; sourceTree = "<group>"; };
		70CBF224282E2AF4001DC3E0 /* AppView.swift */ = {isa = PBXFileReference; lastKnownFileType = sourcecode.swift; path = AppView.swift; sourceTree = "<group>"; };
		70CBF226282E2B49001DC3E0 /* SettingView.swift */ = {isa = PBXFileReference; lastKnownFileType = sourcecode.swift; path = SettingView.swift; sourceTree = "<group>"; };
		70CBF228282E2B67001DC3E0 /* HuTongView.swift */ = {isa = PBXFileReference; lastKnownFileType = sourcecode.swift; path = HuTongView.swift; sourceTree = "<group>"; };
		70CBF22A282E2B84001DC3E0 /* BeiJingView.swift */ = {isa = PBXFileReference; lastKnownFileType = sourcecode.swift; path = BeiJingView.swift; sourceTree = "<group>"; };
		70CBF22C282E9B92001DC3E0 /* HeaderView.swift */ = {isa = PBXFileReference; lastKnownFileType = sourcecode.swift; path = HeaderView.swift; sourceTree = "<group>"; };
		70CBF22E282F5B79001DC3E0 /* HeaderModel.swift */ = {isa = PBXFileReference; lastKnownFileType = sourcecode.swift; path = HeaderModel.swift; sourceTree = "<group>"; };
		70CBF230282F5C6B001DC3E0 /* Headers.swift */ = {isa = PBXFileReference; lastKnownFileType = sourcecode.swift; path = Headers.swift; sourceTree = "<group>"; };
		70CBF232282F6404001DC3E0 /* TableView.swift */ = {isa = PBXFileReference; lastKnownFileType = sourcecode.swift; path = TableView.swift; sourceTree = "<group>"; };
		70CBF234282F6A2F001DC3E0 /* LeftModel.swift */ = {isa = PBXFileReference; lastKnownFileType = sourcecode.swift; path = LeftModel.swift; sourceTree = "<group>"; };
		70CBF236282F6A45001DC3E0 /* RightModel.swift */ = {isa = PBXFileReference; lastKnownFileType = sourcecode.swift; path = RightModel.swift; sourceTree = "<group>"; };
		70CBF238282F6A86001DC3E0 /* LeftData.swift */ = {isa = PBXFileReference; lastKnownFileType = sourcecode.swift; path = LeftData.swift; sourceTree = "<group>"; };
		70CBF23A282F6ACD001DC3E0 /* RightData.swift */ = {isa = PBXFileReference; lastKnownFileType = sourcecode.swift; path = RightData.swift; sourceTree = "<group>"; };
		70CBF23C282F6B18001DC3E0 /* LeftView.swift */ = {isa = PBXFileReference; lastKnownFileType = sourcecode.swift; path = LeftView.swift; sourceTree = "<group>"; };
		70CBF23E282F6B2B001DC3E0 /* RightView.swift */ = {isa = PBXFileReference; lastKnownFileType = sourcecode.swift; path = RightView.swift; sourceTree = "<group>"; };
		70CBF240282FD85E001DC3E0 /* FoodCardView.swift */ = {isa = PBXFileReference; lastKnownFileType = sourcecode.swift; path = FoodCardView.swift; sourceTree = "<group>"; };
		70CBF242282FDF4F001DC3E0 /* FoodCardData.swift */ = {isa = PBXFileReference; lastKnownFileType = sourcecode.swift; path = FoodCardData.swift; sourceTree = "<group>"; };
		70CBF244282FDF71001DC3E0 /* FoodCardModel.swift */ = {isa = PBXFileReference; lastKnownFileType = sourcecode.swift; path = FoodCardModel.swift; sourceTree = "<group>"; };
		70CBF246282FF9F1001DC3E0 /* SnackBarView.swift */ = {isa = PBXFileReference; lastKnownFileType = sourcecode.swift; path = SnackBarView.swift; sourceTree = "<group>"; };
		70CBF248282FFA03001DC3E0 /* SnackBarData.swift */ = {isa = PBXFileReference; lastKnownFileType = sourcecode.swift; path = SnackBarData.swift; sourceTree = "<group>"; };
		70CBF24A282FFA11001DC3E0 /* SnackBarModel.swift */ = {isa = PBXFileReference; lastKnownFileType = sourcecode.swift; path = SnackBarModel.swift; sourceTree = "<group>"; };
		70CBF24C283011E7001DC3E0 /* StarRatingView.swift */ = {isa = PBXFileReference; lastKnownFileType = sourcecode.swift; path = StarRatingView.swift; sourceTree = "<group>"; };
		70CBF24E28301387001DC3E0 /* SnackInfoView.swift */ = {isa = PBXFileReference; lastKnownFileType = sourcecode.swift; path = SnackInfoView.swift; sourceTree = "<group>"; };
/* End PBXFileReference section */

/* Begin PBXFrameworksBuildPhase section */
		70B12811282CA5AF000716FC /* Frameworks */ = {
			isa = PBXFrameworksBuildPhase;
			buildActionMask = 2147483647;
			files = (
			);
			runOnlyForDeploymentPostprocessing = 0;
		};
/* End PBXFrameworksBuildPhase section */

/* Begin PBXGroup section */
		70B1280B282CA5AF000716FC = {
			isa = PBXGroup;
			children = (
				70B12816282CA5AF000716FC /* BeiJingTourth */,
				70B12815282CA5AF000716FC /* Products */,
			);
			sourceTree = "<group>";
		};
		70B12815282CA5AF000716FC /* Products */ = {
			isa = PBXGroup;
			children = (
				70B12814282CA5AF000716FC /* 北京旅游.app */,
			);
			name = Products;
			sourceTree = "<group>";
		};
		70B12816282CA5AF000716FC /* BeiJingTourth */ = {
			isa = PBXGroup;
			children = (
				70CBF220282E2374001DC3E0 /* App */,
				70CBF222282E23DE001DC3E0 /* Views */,
				70CBF221282E23CA001DC3E0 /* Datas */,
				70CBF223282E23ED001DC3E0 /* Models */,
				70B1282C282D2278000716FC /* Launch Screen.storyboard */,
				70B1281B282CA5B1000716FC /* Assets.xcassets */,
				70B1281D282CA5B1000716FC /* Preview Content */,
			);
			path = BeiJingTourth;
			sourceTree = "<group>";
		};
		70B1281D282CA5B1000716FC /* Preview Content */ = {
			isa = PBXGroup;
			children = (
				70B1281E282CA5B1000716FC /* Preview Assets.xcassets */,
			);
			path = "Preview Content";
			sourceTree = "<group>";
		};
		70CBF220282E2374001DC3E0 /* App */ = {
			isa = PBXGroup;
			children = (
				70B12817282CA5AF000716FC /* BeiJingTourthApp.swift */,
				70CBF224282E2AF4001DC3E0 /* AppView.swift */,
				70CBF22A282E2B84001DC3E0 /* BeiJingView.swift */,
				70B12819282CA5AF000716FC /* FoodView.swift */,
				70CBF228282E2B67001DC3E0 /* HuTongView.swift */,
				70CBF226282E2B49001DC3E0 /* SettingView.swift */,
			);
			path = App;
			sourceTree = "<group>";
		};
		70CBF221282E23CA001DC3E0 /* Datas */ = {
			isa = PBXGroup;
			children = (
				70CBF230282F5C6B001DC3E0 /* Headers.swift */,
				70CBF242282FDF4F001DC3E0 /* FoodCardData.swift */,
				70CBF238282F6A86001DC3E0 /* LeftData.swift */,
				70CBF23A282F6ACD001DC3E0 /* RightData.swift */,
				70CBF248282FFA03001DC3E0 /* SnackBarData.swift */,
			);
			path = Datas;
			sourceTree = "<group>";
		};
		70CBF222282E23DE001DC3E0 /* Views */ = {
			isa = PBXGroup;
			children = (
				70CBF22C282E9B92001DC3E0 /* HeaderView.swift */,
				70CBF232282F6404001DC3E0 /* TableView.swift */,
				70CBF23C282F6B18001DC3E0 /* LeftView.swift */,
				70CBF23E282F6B2B001DC3E0 /* RightView.swift */,
				70CBF240282FD85E001DC3E0 /* FoodCardView.swift */,
				70CBF246282FF9F1001DC3E0 /* SnackBarView.swift */,
				70CBF24C283011E7001DC3E0 /* StarRatingView.swift */,
				70CBF24E28301387001DC3E0 /* SnackInfoView.swift */,
			);
			path = Views;
			sourceTree = "<group>";
		};
		70CBF223282E23ED001DC3E0 /* Models */ = {
			isa = PBXGroup;
			children = (
				70CBF22E282F5B79001DC3E0 /* HeaderModel.swift */,
				70CBF234282F6A2F001DC3E0 /* LeftModel.swift */,
				70CBF244282FDF71001DC3E0 /* FoodCardModel.swift */,
				70CBF24A282FFA11001DC3E0 /* SnackBarModel.swift */,
				70CBF236282F6A45001DC3E0 /* RightModel.swift */,
			);
			path = Models;
			sourceTree = "<group>";
		};
/* End PBXGroup section */

/* Begin PBXNativeTarget section */
		70B12813282CA5AF000716FC /* BeiJingTourth */ = {
			isa = PBXNativeTarget;
			buildConfigurationList = 70B12822282CA5B1000716FC /* Build configuration list for PBXNativeTarget "BeiJingTourth" */;
			buildPhases = (
				70B12810282CA5AF000716FC /* Sources */,
				70B12811282CA5AF000716FC /* Frameworks */,
				70B12812282CA5AF000716FC /* Resources */,
			);
			buildRules = (
			);
			dependencies = (
			);
			name = BeiJingTourth;
			productName = BeiJingTourth;
			productReference = 70B12814282CA5AF000716FC /* 北京旅游.app */;
			productType = "com.apple.product-type.application";
		};
/* End PBXNativeTarget section */

/* Begin PBXProject section */
		70B1280C282CA5AF000716FC /* Project object */ = {
			isa = PBXProject;
			attributes = {
				BuildIndependentTargetsInParallel = 1;
				LastSwiftUpdateCheck = 1330;
				LastUpgradeCheck = 1330;
				TargetAttributes = {
					70B12813282CA5AF000716FC = {
						CreatedOnToolsVersion = 13.3;
					};
				};
			};
			buildConfigurationList = 70B1280F282CA5AF000716FC /* Build configuration list for PBXProject "BeiJingTourth" */;
			compatibilityVersion = "Xcode 13.0";
			developmentRegion = en;
			hasScannedForEncodings = 0;
			knownRegions = (
				en,
				Base,
			);
			mainGroup = 70B1280B282CA5AF000716FC;
			productRefGroup = 70B12815282CA5AF000716FC /* Products */;
			projectDirPath = "";
			projectRoot = "";
			targets = (
				70B12813282CA5AF000716FC /* BeiJingTourth */,
			);
		};
/* End PBXProject section */

/* Begin PBXResourcesBuildPhase section */
		70B12812282CA5AF000716FC /* Resources */ = {
			isa = PBXResourcesBuildPhase;
			buildActionMask = 2147483647;
			files = (
				70B1281F282CA5B1000716FC /* Preview Assets.xcassets in Resources */,
				70B1282D282D2278000716FC /* Launch Screen.storyboard in Resources */,
				70B1281C282CA5B1000716FC /* Assets.xcassets in Resources */,
			);
			runOnlyForDeploymentPostprocessing = 0;
		};
/* End PBXResourcesBuildPhase section */

/* Begin PBXSourcesBuildPhase section */
		70B12810282CA5AF000716FC /* Sources */ = {
			isa = PBXSourcesBuildPhase;
			buildActionMask = 2147483647;
			files = (
				70B1281A282CA5AF000716FC /* FoodView.swift in Sources */,
				70CBF241282FD85E001DC3E0 /* FoodCardView.swift in Sources */,
				70CBF249282FFA03001DC3E0 /* SnackBarData.swift in Sources */,
				70CBF245282FDF72001DC3E0 /* FoodCardModel.swift in Sources */,
				70CBF233282F6404001DC3E0 /* TableView.swift in Sources */,
				70CBF22B282E2B84001DC3E0 /* BeiJingView.swift in Sources */,
				70CBF247282FF9F1001DC3E0 /* SnackBarView.swift in Sources */,
				70CBF23F282F6B2B001DC3E0 /* RightView.swift in Sources */,
				70CBF24D283011E7001DC3E0 /* StarRatingView.swift in Sources */,
				70CBF231282F5C6B001DC3E0 /* Headers.swift in Sources */,
				70CBF239282F6A86001DC3E0 /* LeftData.swift in Sources */,
				70CBF235282F6A2F001DC3E0 /* LeftModel.swift in Sources */,
				70CBF227282E2B49001DC3E0 /* SettingView.swift in Sources */,
				70CBF24F28301387001DC3E0 /* SnackInfoView.swift in Sources */,
				70B12818282CA5AF000716FC /* BeiJingTourthApp.swift in Sources */,
				70CBF23D282F6B18001DC3E0 /* LeftView.swift in Sources */,
				70CBF23B282F6ACD001DC3E0 /* RightData.swift in Sources */,
				70CBF229282E2B67001DC3E0 /* HuTongView.swift in Sources */,
				70CBF225282E2AF4001DC3E0 /* AppView.swift in Sources */,
				70CBF22F282F5B79001DC3E0 /* HeaderModel.swift in Sources */,
				70CBF24B282FFA11001DC3E0 /* SnackBarModel.swift in Sources */,
				70CBF243282FDF4F001DC3E0 /* FoodCardData.swift in Sources */,
				70CBF22D282E9B92001DC3E0 /* HeaderView.swift in Sources */,
				70CBF237282F6A45001DC3E0 /* RightModel.swift in Sources */,
			);
			runOnlyForDeploymentPostprocessing = 0;
		};
/* End PBXSourcesBuildPhase section */

/* Begin XCBuildConfiguration section */
		70B12820282CA5B1000716FC /* Debug */ = {
			isa = XCBuildConfiguration;
			buildSettings = {
				ALWAYS_SEARCH_USER_PATHS = NO;
				CLANG_ANALYZER_NONNULL = YES;
				CLANG_ANALYZER_NUMBER_OBJECT_CONVERSION = YES_AGGRESSIVE;
				CLANG_CXX_LANGUAGE_STANDARD = "gnu++17";
				CLANG_ENABLE_MODULES = YES;
				CLANG_ENABLE_OBJC_ARC = YES;
				CLANG_ENABLE_OBJC_WEAK = YES;
				CLANG_WARN_BLOCK_CAPTURE_AUTORELEASING = YES;
				CLANG_WARN_BOOL_CONVERSION = YES;
				CLANG_WARN_COMMA = YES;
				CLANG_WARN_CONSTANT_CONVERSION = YES;
				CLANG_WARN_DEPRECATED_OBJC_IMPLEMENTATIONS = YES;
				CLANG_WARN_DIRECT_OBJC_ISA_USAGE = YES_ERROR;
				CLANG_WARN_DOCUMENTATION_COMMENTS = YES;
				CLANG_WARN_EMPTY_BODY = YES;
				CLANG_WARN_ENUM_CONVERSION = YES;
				CLANG_WARN_INFINITE_RECURSION = YES;
				CLANG_WARN_INT_CONVERSION = YES;
				CLANG_WARN_NON_LITERAL_NULL_CONVERSION = YES;
				CLANG_WARN_OBJC_IMPLICIT_RETAIN_SELF = YES;
				CLANG_WARN_OBJC_LITERAL_CONVERSION = YES;
				CLANG_WARN_OBJC_ROOT_CLASS = YES_ERROR;
				CLANG_WARN_QUOTED_INCLUDE_IN_FRAMEWORK_HEADER = YES;
				CLANG_WARN_RANGE_LOOP_ANALYSIS = YES;
				CLANG_WARN_STRICT_PROTOTYPES = YES;
				CLANG_WARN_SUSPICIOUS_MOVE = YES;
				CLANG_WARN_UNGUARDED_AVAILABILITY = YES_AGGRESSIVE;
				CLANG_WARN_UNREACHABLE_CODE = YES;
				CLANG_WARN__DUPLICATE_METHOD_MATCH = YES;
				COPY_PHASE_STRIP = NO;
				DEBUG_INFORMATION_FORMAT = dwarf;
				ENABLE_STRICT_OBJC_MSGSEND = YES;
				ENABLE_TESTABILITY = YES;
				GCC_C_LANGUAGE_STANDARD = gnu11;
				GCC_DYNAMIC_NO_PIC = NO;
				GCC_NO_COMMON_BLOCKS = YES;
				GCC_OPTIMIZATION_LEVEL = 0;
				GCC_PREPROCESSOR_DEFINITIONS = (
					"DEBUG=1",
					"$(inherited)",
				);
				GCC_WARN_64_TO_32_BIT_CONVERSION = YES;
				GCC_WARN_ABOUT_RETURN_TYPE = YES_ERROR;
				GCC_WARN_UNDECLARED_SELECTOR = YES;
				GCC_WARN_UNINITIALIZED_AUTOS = YES_AGGRESSIVE;
				GCC_WARN_UNUSED_FUNCTION = YES;
				GCC_WARN_UNUSED_VARIABLE = YES;
				IPHONEOS_DEPLOYMENT_TARGET = 15.4;
				MTL_ENABLE_DEBUG_INFO = INCLUDE_SOURCE;
				MTL_FAST_MATH = YES;
				ONLY_ACTIVE_ARCH = YES;
				SDKROOT = iphoneos;
				SWIFT_ACTIVE_COMPILATION_CONDITIONS = DEBUG;
				SWIFT_OPTIMIZATION_LEVEL = "-Onone";
			};
			name = Debug;
		};
		70B12821282CA5B1000716FC /* Release */ = {
			isa = XCBuildConfiguration;
			buildSettings = {
				ALWAYS_SEARCH_USER_PATHS = NO;
				CLANG_ANALYZER_NONNULL = YES;
				CLANG_ANALYZER_NUMBER_OBJECT_CONVERSION = YES_AGGRESSIVE;
				CLANG_CXX_LANGUAGE_STANDARD = "gnu++17";
				CLANG_ENABLE_MODULES = YES;
				CLANG_ENABLE_OBJC_ARC = YES;
				CLANG_ENABLE_OBJC_WEAK = YES;
				CLANG_WARN_BLOCK_CAPTURE_AUTORELEASING = YES;
				CLANG_WARN_BOOL_CONVERSION = YES;
				CLANG_WARN_COMMA = YES;
				CLANG_WARN_CONSTANT_CONVERSION = YES;
				CLANG_WARN_DEPRECATED_OBJC_IMPLEMENTATIONS = YES;
				CLANG_WARN_DIRECT_OBJC_ISA_USAGE = YES_ERROR;
				CLANG_WARN_DOCUMENTATION_COMMENTS = YES;
				CLANG_WARN_EMPTY_BODY = YES;
				CLANG_WARN_ENUM_CONVERSION = YES;
				CLANG_WARN_INFINITE_RECURSION = YES;
				CLANG_WARN_INT_CONVERSION = YES;
				CLANG_WARN_NON_LITERAL_NULL_CONVERSION = YES;
				CLANG_WARN_OBJC_IMPLICIT_RETAIN_SELF = YES;
				CLANG_WARN_OBJC_LITERAL_CONVERSION = YES;
				CLANG_WARN_OBJC_ROOT_CLASS = YES_ERROR;
				CLANG_WARN_QUOTED_INCLUDE_IN_FRAMEWORK_HEADER = YES;
				CLANG_WARN_RANGE_LOOP_ANALYSIS = YES;
				CLANG_WARN_STRICT_PROTOTYPES = YES;
				CLANG_WARN_SUSPICIOUS_MOVE = YES;
				CLANG_WARN_UNGUARDED_AVAILABILITY = YES_AGGRESSIVE;
				CLANG_WARN_UNREACHABLE_CODE = YES;
				CLANG_WARN__DUPLICATE_METHOD_MATCH = YES;
				COPY_PHASE_STRIP = NO;
				DEBUG_INFORMATION_FORMAT = "dwarf-with-dsym";
				ENABLE_NS_ASSERTIONS = NO;
				ENABLE_STRICT_OBJC_MSGSEND = YES;
				GCC_C_LANGUAGE_STANDARD = gnu11;
				GCC_NO_COMMON_BLOCKS = YES;
				GCC_WARN_64_TO_32_BIT_CONVERSION = YES;
				GCC_WARN_ABOUT_RETURN_TYPE = YES_ERROR;
				GCC_WARN_UNDECLARED_SELECTOR = YES;
				GCC_WARN_UNINITIALIZED_AUTOS = YES_AGGRESSIVE;
				GCC_WARN_UNUSED_FUNCTION = YES;
				GCC_WARN_UNUSED_VARIABLE = YES;
				IPHONEOS_DEPLOYMENT_TARGET = 15.4;
				MTL_ENABLE_DEBUG_INFO = NO;
				MTL_FAST_MATH = YES;
				SDKROOT = iphoneos;
				SWIFT_COMPILATION_MODE = wholemodule;
				SWIFT_OPTIMIZATION_LEVEL = "-O";
				VALIDATE_PRODUCT = YES;
			};
			name = Release;
		};
		70B12823282CA5B1000716FC /* Debug */ = {
			isa = XCBuildConfiguration;
			buildSettings = {
				ASSETCATALOG_COMPILER_APPICON_NAME = AppIcon;
				ASSETCATALOG_COMPILER_GLOBAL_ACCENT_COLOR_NAME = AccentColor;
				CODE_SIGN_STYLE = Automatic;
				CURRENT_PROJECT_VERSION = 1;
				DEVELOPMENT_ASSET_PATHS = "\"BeiJingTourth/Preview Content\"";
				DEVELOPMENT_TEAM = GPGP7L32J5;
				ENABLE_PREVIEWS = YES;
				GENERATE_INFOPLIST_FILE = YES;
				INFOPLIST_FILE = BeiJingTourth/Info.plist;
				INFOPLIST_KEY_UIApplicationSceneManifest_Generation = YES;
				INFOPLIST_KEY_UIApplicationSupportsIndirectInputEvents = YES;
				INFOPLIST_KEY_UILaunchStoryboardName = "Launch Screen";
				INFOPLIST_KEY_UISupportedInterfaceOrientations = UIInterfaceOrientationPortrait;
				INFOPLIST_KEY_UISupportedInterfaceOrientations_iPad = "UIInterfaceOrientationPortrait UIInterfaceOrientationPortraitUpsideDown UIInterfaceOrientationLandscapeLeft UIInterfaceOrientationLandscapeRight";
				INFOPLIST_KEY_UISupportedInterfaceOrientations_iPhone = "UIInterfaceOrientationPortrait UIInterfaceOrientationLandscapeLeft UIInterfaceOrientationLandscapeRight";
				LD_RUNPATH_SEARCH_PATHS = (
					"$(inherited)",
					"@executable_path/Frameworks",
				);
				MARKETING_VERSION = 1.0;
				PRODUCT_BUNDLE_IDENTIFIER = xyz.xgqfrms.app.BeiJingTourth;
				PRODUCT_NAME = "北京旅游";
				SWIFT_EMIT_LOC_STRINGS = YES;
				SWIFT_VERSION = 5.0;
				TARGETED_DEVICE_FAMILY = "1,2";
			};
			name = Debug;
		};
		70B12824282CA5B1000716FC /* Release */ = {
			isa = XCBuildConfiguration;
			buildSettings = {
				ASSETCATALOG_COMPILER_APPICON_NAME = AppIcon;
				ASSETCATALOG_COMPILER_GLOBAL_ACCENT_COLOR_NAME = AccentColor;
				CODE_SIGN_STYLE = Automatic;
				CURRENT_PROJECT_VERSION = 1;
				DEVELOPMENT_ASSET_PATHS = "\"BeiJingTourth/Preview Content\"";
				DEVELOPMENT_TEAM = GPGP7L32J5;
				ENABLE_PREVIEWS = YES;
				GENERATE_INFOPLIST_FILE = YES;
				INFOPLIST_FILE = BeiJingTourth/Info.plist;
				INFOPLIST_KEY_UIApplicationSceneManifest_Generation = YES;
				INFOPLIST_KEY_UIApplicationSupportsIndirectInputEvents = YES;
				INFOPLIST_KEY_UILaunchStoryboardName = "Launch Screen";
				INFOPLIST_KEY_UISupportedInterfaceOrientations = UIInterfaceOrientationPortrait;
				INFOPLIST_KEY_UISupportedInterfaceOrientations_iPad = "UIInterfaceOrientationPortrait UIInterfaceOrientationPortraitUpsideDown UIInterfaceOrientationLandscapeLeft UIInterfaceOrientationLandscapeRight";
				INFOPLIST_KEY_UISupportedInterfaceOrientations_iPhone = "UIInterfaceOrientationPortrait UIInterfaceOrientationLandscapeLeft UIInterfaceOrientationLandscapeRight";
				LD_RUNPATH_SEARCH_PATHS = (
					"$(inherited)",
					"@executable_path/Frameworks",
				);
				MARKETING_VERSION = 1.0;
				PRODUCT_BUNDLE_IDENTIFIER = xyz.xgqfrms.app.BeiJingTourth;
				PRODUCT_NAME = "北京旅游";
				SWIFT_EMIT_LOC_STRINGS = YES;
				SWIFT_VERSION = 5.0;
				TARGETED_DEVICE_FAMILY = "1,2";
			};
			name = Release;
		};
/* End XCBuildConfiguration section */

/* Begin XCConfigurationList section */
		70B1280F282CA5AF000716FC /* Build configuration list for PBXProject "BeiJingTourth" */ = {
			isa = XCConfigurationList;
			buildConfigurations = (
				70B12820282CA5B1000716FC /* Debug */,
				70B12821282CA5B1000716FC /* Release */,
			);
			defaultConfigurationIsVisible = 0;
			defaultConfigurationName = Release;
		};
		70B12822282CA5B1000716FC /* Build configuration list for PBXNativeTarget "BeiJingTourth" */ = {
			isa = XCConfigurationList;
			buildConfigurations = (
				70B12823282CA5B1000716FC /* Debug */,
				70B12824282CA5B1000716FC /* Release */,
			);
			defaultConfigurationIsVisible = 0;
			defaultConfigurationName = Release;
		};
/* End XCConfigurationList section */
	};
	rootObject = 70B1280C282CA5AF000716FC /* Project object */;
}
