// !$*UTF8*$!
{
	archiveVersion = 1;
	classes = {
	};
	objectVersion = 55;
	objects = {

/* Begin PBXBuildFile section */
		707A98A62833D65100E51BFF /* VegetableApp.swift in Sources */ = {isa = PBXBuildFile; fileRef = 707A98A52833D65100E51BFF /* VegetableApp.swift */; };
		707A98A82833D65100E51BFF /* ContentView.swift in Sources */ = {isa = PBXBuildFile; fileRef = 707A98A72833D65100E51BFF /* ContentView.swift */; };
		707A98AA2833D65300E51BFF /* Assets.xcassets in Resources */ = {isa = PBXBuildFile; fileRef = 707A98A92833D65300E51BFF /* Assets.xcassets */; };
		707A98AD2833D65300E51BFF /* Preview Assets.xcassets in Resources */ = {isa = PBXBuildFile; fileRef = 707A98AC2833D65300E51BFF /* Preview Assets.xcassets */; };
		707A98BA2833DC4600E51BFF /* GuideView.swift in Sources */ = {isa = PBXBuildFile; fileRef = 707A98B92833DC4600E51BFF /* GuideView.swift */; };
		707A98BC2833E1BF00E51BFF /* GuideButtonView.swift in Sources */ = {isa = PBXBuildFile; fileRef = 707A98BB2833E1BF00E51BFF /* GuideButtonView.swift */; };
		707A98BE2833E32900E51BFF /* ListRowView.swift in Sources */ = {isa = PBXBuildFile; fileRef = 707A98BD2833E32900E51BFF /* ListRowView.swift */; };
		707A98C02833E35300E51BFF /* VegetableModel.swift in Sources */ = {isa = PBXBuildFile; fileRef = 707A98BF2833E35300E51BFF /* VegetableModel.swift */; };
		707A98C22833E36200E51BFF /* VegetableData.swift in Sources */ = {isa = PBXBuildFile; fileRef = 707A98C12833E36200E51BFF /* VegetableData.swift */; };
		707A98C42833EA4700E51BFF /* GuideCardView.swift in Sources */ = {isa = PBXBuildFile; fileRef = 707A98C32833EA4700E51BFF /* GuideCardView.swift */; };
		707A98C628340BD700E51BFF /* VegetableDetailView.swift in Sources */ = {isa = PBXBuildFile; fileRef = 707A98C528340BD700E51BFF /* VegetableDetailView.swift */; };
		707A98C82834B1E800E51BFF /* SettingsView.swift in Sources */ = {isa = PBXBuildFile; fileRef = 707A98C72834B1E800E51BFF /* SettingsView.swift */; };
		707A98CA2834B61C00E51BFF /* VegetableHeaderView.swift in Sources */ = {isa = PBXBuildFile; fileRef = 707A98C92834B61C00E51BFF /* VegetableHeaderView.swift */; };
		707A98CC2834C2C100E51BFF /* OutLinkView.swift in Sources */ = {isa = PBXBuildFile; fileRef = 707A98CB2834C2C100E51BFF /* OutLinkView.swift */; };
/* End PBXBuildFile section */

/* Begin PBXFileReference section */
		707A98A22833D65100E51BFF /* Vegetable.app */ = {isa = PBXFileReference; explicitFileType = wrapper.application; includeInIndex = 0; path = Vegetable.app; sourceTree = BUILT_PRODUCTS_DIR; };
		707A98A52833D65100E51BFF /* VegetableApp.swift */ = {isa = PBXFileReference; lastKnownFileType = sourcecode.swift; path = VegetableApp.swift; sourceTree = "<group>"; };
		707A98A72833D65100E51BFF /* ContentView.swift */ = {isa = PBXFileReference; lastKnownFileType = sourcecode.swift; path = ContentView.swift; sourceTree = "<group>"; };
		707A98A92833D65300E51BFF /* Assets.xcassets */ = {isa = PBXFileReference; lastKnownFileType = folder.assetcatalog; path = Assets.xcassets; sourceTree = "<group>"; };
		707A98AC2833D65300E51BFF /* Preview Assets.xcassets */ = {isa = PBXFileReference; lastKnownFileType = folder.assetcatalog; path = "Preview Assets.xcassets"; sourceTree = "<group>"; };
		707A98B82833DA9D00E51BFF /* README.md */ = {isa = PBXFileReference; lastKnownFileType = net.daringfireball.markdown; path = README.md; sourceTree = "<group>"; };
		707A98B92833DC4600E51BFF /* GuideView.swift */ = {isa = PBXFileReference; lastKnownFileType = sourcecode.swift; path = GuideView.swift; sourceTree = "<group>"; };
		707A98BB2833E1BF00E51BFF /* GuideButtonView.swift */ = {isa = PBXFileReference; lastKnownFileType = sourcecode.swift; path = GuideButtonView.swift; sourceTree = "<group>"; };
		707A98BD2833E32900E51BFF /* ListRowView.swift */ = {isa = PBXFileReference; lastKnownFileType = sourcecode.swift; path = ListRowView.swift; sourceTree = "<group>"; };
		707A98BF2833E35300E51BFF /* VegetableModel.swift */ = {isa = PBXFileReference; lastKnownFileType = sourcecode.swift; path = VegetableModel.swift; sourceTree = "<group>"; };
		707A98C12833E36200E51BFF /* VegetableData.swift */ = {isa = PBXFileReference; lastKnownFileType = sourcecode.swift; path = VegetableData.swift; sourceTree = "<group>"; };
		707A98C32833EA4700E51BFF /* GuideCardView.swift */ = {isa = PBXFileReference; lastKnownFileType = sourcecode.swift; path = GuideCardView.swift; sourceTree = "<group>"; };
		707A98C528340BD700E51BFF /* VegetableDetailView.swift */ = {isa = PBXFileReference; lastKnownFileType = sourcecode.swift; path = VegetableDetailView.swift; sourceTree = "<group>"; };
		707A98C72834B1E800E51BFF /* SettingsView.swift */ = {isa = PBXFileReference; lastKnownFileType = sourcecode.swift; path = SettingsView.swift; sourceTree = "<group>"; };
		707A98C92834B61C00E51BFF /* VegetableHeaderView.swift */ = {isa = PBXFileReference; lastKnownFileType = sourcecode.swift; path = VegetableHeaderView.swift; sourceTree = "<group>"; };
		707A98CB2834C2C100E51BFF /* OutLinkView.swift */ = {isa = PBXFileReference; lastKnownFileType = sourcecode.swift; path = OutLinkView.swift; sourceTree = "<group>"; };
/* End PBXFileReference section */

/* Begin PBXFrameworksBuildPhase section */
		707A989F2833D65100E51BFF /* Frameworks */ = {
			isa = PBXFrameworksBuildPhase;
			buildActionMask = 2147483647;
			files = (
			);
			runOnlyForDeploymentPostprocessing = 0;
		};
/* End PBXFrameworksBuildPhase section */

/* Begin PBXGroup section */
		707A98992833D65100E51BFF = {
			isa = PBXGroup;
			children = (
				707A98B82833DA9D00E51BFF /* README.md */,
				707A98A42833D65100E51BFF /* Vegetable */,
				707A98A32833D65100E51BFF /* Products */,
			);
			sourceTree = "<group>";
		};
		707A98A32833D65100E51BFF /* Products */ = {
			isa = PBXGroup;
			children = (
				707A98A22833D65100E51BFF /* Vegetable.app */,
			);
			name = Products;
			sourceTree = "<group>";
		};
		707A98A42833D65100E51BFF /* Vegetable */ = {
			isa = PBXGroup;
			children = (
				707A98B32833D69900E51BFF /* App */,
				707A98B72833DA5000E51BFF /* Scenes */,
				707A98B42833D6A100E51BFF /* Views */,
				707A98B62833D6CB00E51BFF /* Models */,
				707A98B52833D6AD00E51BFF /* Datas */,
				707A98A92833D65300E51BFF /* Assets.xcassets */,
				707A98AB2833D65300E51BFF /* Preview Content */,
			);
			path = Vegetable;
			sourceTree = "<group>";
		};
		707A98AB2833D65300E51BFF /* Preview Content */ = {
			isa = PBXGroup;
			children = (
				707A98AC2833D65300E51BFF /* Preview Assets.xcassets */,
			);
			path = "Preview Content";
			sourceTree = "<group>";
		};
		707A98B32833D69900E51BFF /* App */ = {
			isa = PBXGroup;
			children = (
				707A98A52833D65100E51BFF /* VegetableApp.swift */,
			);
			path = App;
			sourceTree = "<group>";
		};
		707A98B42833D6A100E51BFF /* Views */ = {
			isa = PBXGroup;
			children = (
				707A98BB2833E1BF00E51BFF /* GuideButtonView.swift */,
				707A98BD2833E32900E51BFF /* ListRowView.swift */,
				707A98C32833EA4700E51BFF /* GuideCardView.swift */,
				707A98C528340BD700E51BFF /* VegetableDetailView.swift */,
				707A98CB2834C2C100E51BFF /* OutLinkView.swift */,
				707A98C92834B61C00E51BFF /* VegetableHeaderView.swift */,
				707A98C72834B1E800E51BFF /* SettingsView.swift */,
			);
			path = Views;
			sourceTree = "<group>";
		};
		707A98B52833D6AD00E51BFF /* Datas */ = {
			isa = PBXGroup;
			children = (
				707A98C12833E36200E51BFF /* VegetableData.swift */,
			);
			path = Datas;
			sourceTree = "<group>";
		};
		707A98B62833D6CB00E51BFF /* Models */ = {
			isa = PBXGroup;
			children = (
				707A98BF2833E35300E51BFF /* VegetableModel.swift */,
			);
			path = Models;
			sourceTree = "<group>";
		};
		707A98B72833DA5000E51BFF /* Scenes */ = {
			isa = PBXGroup;
			children = (
				707A98A72833D65100E51BFF /* ContentView.swift */,
				707A98B92833DC4600E51BFF /* GuideView.swift */,
			);
			path = Scenes;
			sourceTree = "<group>";
		};
/* End PBXGroup section */

/* Begin PBXNativeTarget section */
		707A98A12833D65100E51BFF /* Vegetable */ = {
			isa = PBXNativeTarget;
			buildConfigurationList = 707A98B02833D65300E51BFF /* Build configuration list for PBXNativeTarget "Vegetable" */;
			buildPhases = (
				707A989E2833D65100E51BFF /* Sources */,
				707A989F2833D65100E51BFF /* Frameworks */,
				707A98A02833D65100E51BFF /* Resources */,
			);
			buildRules = (
			);
			dependencies = (
			);
			name = Vegetable;
			productName = Vegetable;
			productReference = 707A98A22833D65100E51BFF /* Vegetable.app */;
			productType = "com.apple.product-type.application";
		};
/* End PBXNativeTarget section */

/* Begin PBXProject section */
		707A989A2833D65100E51BFF /* Project object */ = {
			isa = PBXProject;
			attributes = {
				BuildIndependentTargetsInParallel = 1;
				LastSwiftUpdateCheck = 1330;
				LastUpgradeCheck = 1330;
				TargetAttributes = {
					707A98A12833D65100E51BFF = {
						CreatedOnToolsVersion = 13.3;
					};
				};
			};
			buildConfigurationList = 707A989D2833D65100E51BFF /* Build configuration list for PBXProject "Vegetable" */;
			compatibilityVersion = "Xcode 13.0";
			developmentRegion = en;
			hasScannedForEncodings = 0;
			knownRegions = (
				en,
				Base,
			);
			mainGroup = 707A98992833D65100E51BFF;
			productRefGroup = 707A98A32833D65100E51BFF /* Products */;
			projectDirPath = "";
			projectRoot = "";
			targets = (
				707A98A12833D65100E51BFF /* Vegetable */,
			);
		};
/* End PBXProject section */

/* Begin PBXResourcesBuildPhase section */
		707A98A02833D65100E51BFF /* Resources */ = {
			isa = PBXResourcesBuildPhase;
			buildActionMask = 2147483647;
			files = (
				707A98AD2833D65300E51BFF /* Preview Assets.xcassets in Resources */,
				707A98AA2833D65300E51BFF /* Assets.xcassets in Resources */,
			);
			runOnlyForDeploymentPostprocessing = 0;
		};
/* End PBXResourcesBuildPhase section */

/* Begin PBXSourcesBuildPhase section */
		707A989E2833D65100E51BFF /* Sources */ = {
			isa = PBXSourcesBuildPhase;
			buildActionMask = 2147483647;
			files = (
				707A98A82833D65100E51BFF /* ContentView.swift in Sources */,
				707A98C42833EA4700E51BFF /* GuideCardView.swift in Sources */,
				707A98C628340BD700E51BFF /* VegetableDetailView.swift in Sources */,
				707A98BC2833E1BF00E51BFF /* GuideButtonView.swift in Sources */,
				707A98CA2834B61C00E51BFF /* VegetableHeaderView.swift in Sources */,
				707A98BE2833E32900E51BFF /* ListRowView.swift in Sources */,
				707A98C82834B1E800E51BFF /* SettingsView.swift in Sources */,
				707A98C02833E35300E51BFF /* VegetableModel.swift in Sources */,
				707A98C22833E36200E51BFF /* VegetableData.swift in Sources */,
				707A98CC2834C2C100E51BFF /* OutLinkView.swift in Sources */,
				707A98BA2833DC4600E51BFF /* GuideView.swift in Sources */,
				707A98A62833D65100E51BFF /* VegetableApp.swift in Sources */,
			);
			runOnlyForDeploymentPostprocessing = 0;
		};
/* End PBXSourcesBuildPhase section */

/* Begin XCBuildConfiguration section */
		707A98AE2833D65300E51BFF /* Debug */ = {
			isa = XCBuildConfiguration;
			buildSettings = {
				ALWAYS_SEARCH_USER_PATHS = NO;
				CLANG_ANALYZER_NONNULL = YES;
				CLANG_ANALYZER_NUMBER_OBJECT_CONVERSION = YES_AGGRESSIVE;
				CLANG_CXX_LANGUAGE_STANDARD = "gnu++17";
				CLANG_ENABLE_MODULES = YES;
				CLANG_ENABLE_OBJC_ARC = YES;
				CLANG_ENABLE_OBJC_WEAK = YES;
				CLANG_WARN_BLOCK_CAPTURE_AUTORELEASING = YES;
				CLANG_WARN_BOOL_CONVERSION = YES;
				CLANG_WARN_COMMA = YES;
				CLANG_WARN_CONSTANT_CONVERSION = YES;
				CLANG_WARN_DEPRECATED_OBJC_IMPLEMENTATIONS = YES;
				CLANG_WARN_DIRECT_OBJC_ISA_USAGE = YES_ERROR;
				CLANG_WARN_DOCUMENTATION_COMMENTS = YES;
				CLANG_WARN_EMPTY_BODY = YES;
				CLANG_WARN_ENUM_CONVERSION = YES;
				CLANG_WARN_INFINITE_RECURSION = YES;
				CLANG_WARN_INT_CONVERSION = YES;
				CLANG_WARN_NON_LITERAL_NULL_CONVERSION = YES;
				CLANG_WARN_OBJC_IMPLICIT_RETAIN_SELF = YES;
				CLANG_WARN_OBJC_LITERAL_CONVERSION = YES;
				CLANG_WARN_OBJC_ROOT_CLASS = YES_ERROR;
				CLANG_WARN_QUOTED_INCLUDE_IN_FRAMEWORK_HEADER = YES;
				CLANG_WARN_RANGE_LOOP_ANALYSIS = YES;
				CLANG_WARN_STRICT_PROTOTYPES = YES;
				CLANG_WARN_SUSPICIOUS_MOVE = YES;
				CLANG_WARN_UNGUARDED_AVAILABILITY = YES_AGGRESSIVE;
				CLANG_WARN_UNREACHABLE_CODE = YES;
				CLANG_WARN__DUPLICATE_METHOD_MATCH = YES;
				COPY_PHASE_STRIP = NO;
				DEBUG_INFORMATION_FORMAT = dwarf;
				ENABLE_STRICT_OBJC_MSGSEND = YES;
				ENABLE_TESTABILITY = YES;
				GCC_C_LANGUAGE_STANDARD = gnu11;
				GCC_DYNAMIC_NO_PIC = NO;
				GCC_NO_COMMON_BLOCKS = YES;
				GCC_OPTIMIZATION_LEVEL = 0;
				GCC_PREPROCESSOR_DEFINITIONS = (
					"DEBUG=1",
					"$(inherited)",
				);
				GCC_WARN_64_TO_32_BIT_CONVERSION = YES;
				GCC_WARN_ABOUT_RETURN_TYPE = YES_ERROR;
				GCC_WARN_UNDECLARED_SELECTOR = YES;
				GCC_WARN_UNINITIALIZED_AUTOS = YES_AGGRESSIVE;
				GCC_WARN_UNUSED_FUNCTION = YES;
				GCC_WARN_UNUSED_VARIABLE = YES;
				IPHONEOS_DEPLOYMENT_TARGET = 15.4;
				MTL_ENABLE_DEBUG_INFO = INCLUDE_SOURCE;
				MTL_FAST_MATH = YES;
				ONLY_ACTIVE_ARCH = YES;
				SDKROOT = iphoneos;
				SWIFT_ACTIVE_COMPILATION_CONDITIONS = DEBUG;
				SWIFT_OPTIMIZATION_LEVEL = "-Onone";
			};
			name = Debug;
		};
		707A98AF2833D65300E51BFF /* Release */ = {
			isa = XCBuildConfiguration;
			buildSettings = {
				ALWAYS_SEARCH_USER_PATHS = NO;
				CLANG_ANALYZER_NONNULL = YES;
				CLANG_ANALYZER_NUMBER_OBJECT_CONVERSION = YES_AGGRESSIVE;
				CLANG_CXX_LANGUAGE_STANDARD = "gnu++17";
				CLANG_ENABLE_MODULES = YES;
				CLANG_ENABLE_OBJC_ARC = YES;
				CLANG_ENABLE_OBJC_WEAK = YES;
				CLANG_WARN_BLOCK_CAPTURE_AUTORELEASING = YES;
				CLANG_WARN_BOOL_CONVERSION = YES;
				CLANG_WARN_COMMA = YES;
				CLANG_WARN_CONSTANT_CONVERSION = YES;
				CLANG_WARN_DEPRECATED_OBJC_IMPLEMENTATIONS = YES;
				CLANG_WARN_DIRECT_OBJC_ISA_USAGE = YES_ERROR;
				CLANG_WARN_DOCUMENTATION_COMMENTS = YES;
				CLANG_WARN_EMPTY_BODY = YES;
				CLANG_WARN_ENUM_CONVERSION = YES;
				CLANG_WARN_INFINITE_RECURSION = YES;
				CLANG_WARN_INT_CONVERSION = YES;
				CLANG_WARN_NON_LITERAL_NULL_CONVERSION = YES;
				CLANG_WARN_OBJC_IMPLICIT_RETAIN_SELF = YES;
				CLANG_WARN_OBJC_LITERAL_CONVERSION = YES;
				CLANG_WARN_OBJC_ROOT_CLASS = YES_ERROR;
				CLANG_WARN_QUOTED_INCLUDE_IN_FRAMEWORK_HEADER = YES;
				CLANG_WARN_RANGE_LOOP_ANALYSIS = YES;
				CLANG_WARN_STRICT_PROTOTYPES = YES;
				CLANG_WARN_SUSPICIOUS_MOVE = YES;
				CLANG_WARN_UNGUARDED_AVAILABILITY = YES_AGGRESSIVE;
				CLANG_WARN_UNREACHABLE_CODE = YES;
				CLANG_WARN__DUPLICATE_METHOD_MATCH = YES;
				COPY_PHASE_STRIP = NO;
				DEBUG_INFORMATION_FORMAT = "dwarf-with-dsym";
				ENABLE_NS_ASSERTIONS = NO;
				ENABLE_STRICT_OBJC_MSGSEND = YES;
				GCC_C_LANGUAGE_STANDARD = gnu11;
				GCC_NO_COMMON_BLOCKS = YES;
				GCC_WARN_64_TO_32_BIT_CONVERSION = YES;
				GCC_WARN_ABOUT_RETURN_TYPE = YES_ERROR;
				GCC_WARN_UNDECLARED_SELECTOR = YES;
				GCC_WARN_UNINITIALIZED_AUTOS = YES_AGGRESSIVE;
				GCC_WARN_UNUSED_FUNCTION = YES;
				GCC_WARN_UNUSED_VARIABLE = YES;
				IPHONEOS_DEPLOYMENT_TARGET = 15.4;
				MTL_ENABLE_DEBUG_INFO = NO;
				MTL_FAST_MATH = YES;
				SDKROOT = iphoneos;
				SWIFT_COMPILATION_MODE = wholemodule;
				SWIFT_OPTIMIZATION_LEVEL = "-O";
				VALIDATE_PRODUCT = YES;
			};
			name = Release;
		};
		707A98B12833D65300E51BFF /* Debug */ = {
			isa = XCBuildConfiguration;
			buildSettings = {
				ASSETCATALOG_COMPILER_APPICON_NAME = AppIcon;
				ASSETCATALOG_COMPILER_GLOBAL_ACCENT_COLOR_NAME = AccentColor;
				CODE_SIGN_STYLE = Automatic;
				CURRENT_PROJECT_VERSION = 1;
				DEVELOPMENT_ASSET_PATHS = "\"Vegetable/Preview Content\"";
				DEVELOPMENT_TEAM = GPGP7L32J5;
				ENABLE_PREVIEWS = YES;
				GENERATE_INFOPLIST_FILE = YES;
				INFOPLIST_KEY_UIApplicationSceneManifest_Generation = YES;
				INFOPLIST_KEY_UIApplicationSupportsIndirectInputEvents = YES;
				INFOPLIST_KEY_UILaunchScreen_Generation = YES;
				INFOPLIST_KEY_UISupportedInterfaceOrientations = UIInterfaceOrientationPortrait;
				INFOPLIST_KEY_UISupportedInterfaceOrientations_iPad = "UIInterfaceOrientationPortrait UIInterfaceOrientationPortraitUpsideDown UIInterfaceOrientationLandscapeLeft UIInterfaceOrientationLandscapeRight";
				INFOPLIST_KEY_UISupportedInterfaceOrientations_iPhone = "UIInterfaceOrientationPortrait UIInterfaceOrientationLandscapeLeft UIInterfaceOrientationLandscapeRight";
				LD_RUNPATH_SEARCH_PATHS = (
					"$(inherited)",
					"@executable_path/Frameworks",
				);
				MARKETING_VERSION = 1.0;
				PRODUCT_BUNDLE_IDENTIFIER = xyz.xgqfrms.app.Vegetable;
				PRODUCT_NAME = "$(TARGET_NAME)";
				SWIFT_EMIT_LOC_STRINGS = YES;
				SWIFT_VERSION = 5.0;
				TARGETED_DEVICE_FAMILY = 1;
			};
			name = Debug;
		};
		707A98B22833D65300E51BFF /* Release */ = {
			isa = XCBuildConfiguration;
			buildSettings = {
				ASSETCATALOG_COMPILER_APPICON_NAME = AppIcon;
				ASSETCATALOG_COMPILER_GLOBAL_ACCENT_COLOR_NAME = AccentColor;
				CODE_SIGN_STYLE = Automatic;
				CURRENT_PROJECT_VERSION = 1;
				DEVELOPMENT_ASSET_PATHS = "\"Vegetable/Preview Content\"";
				DEVELOPMENT_TEAM = GPGP7L32J5;
				ENABLE_PREVIEWS = YES;
				GENERATE_INFOPLIST_FILE = YES;
				INFOPLIST_KEY_UIApplicationSceneManifest_Generation = YES;
				INFOPLIST_KEY_UIApplicationSupportsIndirectInputEvents = YES;
				INFOPLIST_KEY_UILaunchScreen_Generation = YES;
				INFOPLIST_KEY_UISupportedInterfaceOrientations = UIInterfaceOrientationPortrait;
				INFOPLIST_KEY_UISupportedInterfaceOrientations_iPad = "UIInterfaceOrientationPortrait UIInterfaceOrientationPortraitUpsideDown UIInterfaceOrientationLandscapeLeft UIInterfaceOrientationLandscapeRight";
				INFOPLIST_KEY_UISupportedInterfaceOrientations_iPhone = "UIInterfaceOrientationPortrait UIInterfaceOrientationLandscapeLeft UIInterfaceOrientationLandscapeRight";
				LD_RUNPATH_SEARCH_PATHS = (
					"$(inherited)",
					"@executable_path/Frameworks",
				);
				MARKETING_VERSION = 1.0;
				PRODUCT_BUNDLE_IDENTIFIER = xyz.xgqfrms.app.Vegetable;
				PRODUCT_NAME = "$(TARGET_NAME)";
				SWIFT_EMIT_LOC_STRINGS = YES;
				SWIFT_VERSION = 5.0;
				TARGETED_DEVICE_FAMILY = 1;
			};
			name = Release;
		};
/* End XCBuildConfiguration section */

/* Begin XCConfigurationList section */
		707A989D2833D65100E51BFF /* Build configuration list for PBXProject "Vegetable" */ = {
			isa = XCConfigurationList;
			buildConfigurations = (
				707A98AE2833D65300E51BFF /* Debug */,
				707A98AF2833D65300E51BFF /* Release */,
			);
			defaultConfigurationIsVisible = 0;
			defaultConfigurationName = Release;
		};
		707A98B02833D65300E51BFF /* Build configuration list for PBXNativeTarget "Vegetable" */ = {
			isa = XCConfigurationList;
			buildConfigurations = (
				707A98B12833D65300E51BFF /* Debug */,
				707A98B22833D65300E51BFF /* Release */,
			);
			defaultConfigurationIsVisible = 0;
			defaultConfigurationName = Release;
		};
/* End XCConfigurationList section */
	};
	rootObject = 707A989A2833D65100E51BFF /* Project object */;
}
